
Microsoft Visual Studio Solution File, Format Version 12.00
Project("{FAE04EC0-301F-11D3-BF4B-00C04F79EFBC}") = "RedByte.Agent", "RedByte.Agent\RedByte.Agent.csproj", "{A173BFBA-686C-4366-95D2-38E0EF62EC1C}"
EndProject
Global
	GlobalSection(SolutionConfigurationPlatforms) = preSolution
		Debug|Any CPU = Debug|Any CPU
		Release|Any CPU = Release|Any CPU
	EndGlobalSection
	GlobalSection(ProjectConfigurationPlatforms) = postSolution
		{A173BFBA-686C-4366-95D2-38E0EF62EC1C}.Debug|Any CPU.ActiveCfg = Debug|Any CPU
		{A173BFBA-686C-4366-95D2-38E0EF62EC1C}.Debug|Any CPU.Build.0 = Debug|Any CPU
		{A173BFBA-686C-4366-95D2-38E0EF62EC1C}.Release|Any CPU.ActiveCfg = Release|Any CPU
		{A173BFBA-686C-4366-95D2-38E0EF62EC1C}.Release|Any CPU.Build.0 = Release|Any CPU
	EndGlobalSection
EndGlobal
